
Microsoft Visual Studio Solution File, Format Version 11.00
# Visual Studio 2010
Project("{8BC9CEB8-8B4A-11D0-8D11-00A0C91BC942}") = "Client", "Client\Client.vcxproj", "{14EF59D2-401E-4A22-A2C5-AB8545E8B27F}"
EndProject
Global
	GlobalSection(SolutionConfigurationPlatforms) = preSolution
		Debug|Win32 = Debug|Win32
		Release|Win32 = Release|Win32
	EndGlobalSection
	GlobalSection(ProjectConfigurationPlatforms) = postSolution
		{14EF59D2-401E-4A22-A2C5-AB8545E8B27F}.Debug|Win32.ActiveCfg = Debug|Win32
		{14EF59D2-401E-4A22-A2C5-AB8545E8B27F}.Debug|Win32.Build.0 = Debug|Win32
		{14EF59D2-401E-4A22-A2C5-AB8545E8B27F}.Release|Win32.ActiveCfg = Release|Win32
		{14EF59D2-401E-4A22-A2C5-AB8545E8B27F}.Release|Win32.Build.0 = Release|Win32
	EndGlobalSection
	GlobalSection(SolutionProperties) = preSolution
		HideSolutionNode = FALSE
	EndGlobalSection
EndGlobal
